{
  "name": "@definejs/proxy",
  "version": "0.1.5",
  "lockfileVersion": 1,
  "requires": true,
  "dependencies": {
    "@definejs/fn": {
      "version": "1.0.0",
      "resolved": "https://registry.npmjs.org/@definejs/fn/-/fn-1.0.0.tgz",
      "integrity": "sha512-YZqW2WfMC4kPCxRGMe+sgMNhWYK8pQchVJeo5aRYq1I6IhUpVNvreT5UW29LzFpDBNOqMbDzKa5jUel9qW0JRg==",
      "requires": {
        "@definejs/math": "^1.0.0"
      }
    },
    "@definejs/json": {
      "version": "1.0.0",
      "resolved": "https://registry.npmjs.org/@definejs/json/-/json-1.0.0.tgz",
      "integrity": "sha512-ZTWBpIa4QWWnPTK/06cfrOGClx1F83SJByTladdwJVjPayEv9liZuyZglU60eM/LRu8eRNvyHTQ3RkRTZCiN3A=="
    },
    "@definejs/math": {
      "version": "1.0.0",
      "resolved": "https://registry.npmjs.org/@definejs/math/-/math-1.0.0.tgz",
      "integrity": "sha512-3epnTiGFaEoofhRfmT1cdd3KAhC8DQf518Xmh0tTTdqDCnfGcHx+GRZRGX5o1vlb946GBJ3/OEQQb2bRnAl0/g=="
    },
    "@definejs/object": {
      "version": "1.1.0",
      "resolved": "https://registry.npmjs.org/@definejs/object/-/object-1.1.0.tgz",
      "integrity": "sha512-3U9yjE0a4oFXR6n19VXZB0W5lpHZRox39vjV2sE288OCMv1L6KLreEdGi0Hmo5w490KHpT9Gtvtkz4Xih7D6ug=="
    },
    "@definejs/query": {
      "version": "1.0.0",
      "resolved": "https://registry.npmjs.org/@definejs/query/-/query-1.0.0.tgz",
      "integrity": "sha512-s8us9hzCw7X8Dkjw3R7wSpCgmySv1quMDE2UP2ECsZWBJj2ba9QQOv6xrcRuuGZor9+fcPGo741rx2smnr+Vug==",
      "requires": {
        "@definejs/object": "^1.1.0",
        "@definejs/string": "^1.0.0"
      },
      "dependencies": {
        "@definejs/object": {
          "version": "1.1.0",
          "resolved": "https://registry.npmjs.org/@definejs/object/-/object-1.1.0.tgz",
          "integrity": "sha512-3U9yjE0a4oFXR6n19VXZB0W5lpHZRox39vjV2sE288OCMv1L6KLreEdGi0Hmo5w490KHpT9Gtvtkz4Xih7D6ug=="
        }
      }
    },
    "@definejs/script": {
      "version": "1.0.0",
      "resolved": "https://registry.npmjs.org/@definejs/script/-/script-1.0.0.tgz",
      "integrity": "sha512-esaruGEoI/XbXQRj9s56xHPrzziOba1w1BtLJkFov4/jUgiezdCQWXik8Lbfxl4mT+98c6BeyQkoFUu9WVkfMg==",
      "requires": {
        "@definejs/object": "^1.1.0"
      }
    },
    "@definejs/string": {
      "version": "1.0.0",
      "resolved": "https://registry.npmjs.org/@definejs/string/-/string-1.0.0.tgz",
      "integrity": "sha512-w07CpqHYu6th6y+n5jic6ZUdiB19GPzuq8LGHqpSky8R28ugA1uIDkFodd5tt9dokD00pLd4nFY6bO8JuLYxxQ=="
    },
    "@definejs/url": {
      "version": "1.0.0",
      "resolved": "https://registry.npmjs.org/@definejs/url/-/url-1.0.0.tgz",
      "integrity": "sha512-Z9KDndL2rZ5bB7KF5YDho0Hf5iDhYhUHejr2NI1L/qmGd/IlBijs6ynWdyYQAhdPOkcP2pugODzm6QVZnqBKXw=="
    }
  }
}
