{
  "name": "@definejs/proxy",
  "version": "0.1.0",
  "lockfileVersion": 1,
  "requires": true,
  "dependencies": {
    "@definejs/fn": {
      "version": "0.1.0",
      "resolved": "https://registry.npmjs.org/@definejs/fn/-/fn-0.1.0.tgz",
      "integrity": "sha512-RIxRVEYhCEWhWAHRHOqGzzBC7Jl7BG/lZ0+DKRsG1PuNAjoENuiYkAIXsyIFYOXyT78jSdI+3LKAfAvyuK+tdg==",
      "requires": {
        "@definejs/math": "^0.1.2"
      }
    },
    "@definejs/json": {
      "version": "0.1.0",
      "resolved": "https://registry.npmjs.org/@definejs/json/-/json-0.1.0.tgz",
      "integrity": "sha512-MNpWHsqe1ITApN/eo80t7nef9sJTltyHxnApyJtGufhEWbFXK1HJ7V9rfryyNCkUU+fmyIiYa9fXLnUEVGD8ug=="
    },
    "@definejs/math": {
      "version": "0.1.2",
      "resolved": "https://registry.npmjs.org/@definejs/math/-/math-0.1.2.tgz",
      "integrity": "sha512-bhXkEwlH6AmrZxM6pyLh0Vra7q0QduxllufzUgJp75TDcf6MowKj7+MopYwx5MNOKU9EZlaWKWFNLPbIANMEfg=="
    },
    "@definejs/object": {
      "version": "0.1.4",
      "resolved": "https://registry.npmjs.org/@definejs/object/-/object-0.1.4.tgz",
      "integrity": "sha512-cUNatm0LSY8kp/tAFLGx+8lyMLT2tlyLeq+hwRJ8Qn6mpGYIpzGzoLB42U75qbK3xGijfPu/FORAlLw6lonSSA=="
    },
    "@definejs/query": {
      "version": "0.1.0",
      "resolved": "https://registry.npmjs.org/@definejs/query/-/query-0.1.0.tgz",
      "integrity": "sha512-5P3E53PvZAuiM9tvMmyaaSW8JhnzaUzueNaWVafgG5AMdO0uWD4HmP7AhAAzwhxF+1sdHcuDvd59T1gZ1efZeg==",
      "requires": {
        "@definejs/object": "^0.1.2",
        "@definejs/string": "^0.1.1"
      }
    },
    "@definejs/script": {
      "version": "0.1.0",
      "resolved": "https://registry.npmjs.org/@definejs/script/-/script-0.1.0.tgz",
      "integrity": "sha512-OelCZq3p9GUeQsA34ucDwl+q3zYJ00AoXuafSF0OCS44WiXnS9fitiUqGN0okmJUBHb+wofdnqPr573iJHd2DA==",
      "requires": {
        "@definejs/object": "^0.1.3"
      }
    },
    "@definejs/string": {
      "version": "0.1.1",
      "resolved": "https://registry.npmjs.org/@definejs/string/-/string-0.1.1.tgz",
      "integrity": "sha512-PXDOGU3Crg7SWte4V0Z2oR6ZB/Kmf4dVFBN4MR93NvSWnaNxtDGoxdDgcmcoByVxqtfiO8wxNUurYaotyRf56g=="
    },
    "@definejs/url": {
      "version": "0.1.2",
      "resolved": "https://registry.npmjs.org/@definejs/url/-/url-0.1.2.tgz",
      "integrity": "sha512-2ahq/8YX/W3K2dg/4apV26n1ZzQ/cKJPfYa+COVmhwmuB22zdnGlwV6g0XFYAmjgIsx5ArZlutkx2mHjKtk7Kw=="
    }
  }
}
